
Microsoft Visual Studio Solution File, Format Version 12.00
# Visual Studio 15
VisualStudioVersion = 15.0.28307.489
MinimumVisualStudioVersion = 10.0.40219.1
Project("{FAE04EC0-301F-11D3-BF4B-00C04F79EFBC}") = "DndPodClientLite.Share", "DNSPodClientLite.Share\DndPodClientLite.Share.csproj", "{D9B53BEA-1D48-4318-A0F6-7F26B27FEED6}"
EndProject
Project("{FAE04EC0-301F-11D3-BF4B-00C04F79EFBC}") = "DnsPodClientLite.Service", "DNSPodClientLite.Service\DnsPodClientLite.Service.csproj", "{47BDF06B-76C5-41CC-BFF6-9D4596FE7E9D}"
EndProject
Project("{FAE04EC0-301F-11D3-BF4B-00C04F79EFBC}") = "DNSPodClientLite.Config", "DNSPodClientLite.Config\DNSPodClientLite.Config.csproj", "{F3621617-87F7-4A11-B346-3EB745DC3CC0}"
EndProject
Global
	GlobalSection(SolutionConfigurationPlatforms) = preSolution
		Debug|Any CPU = Debug|Any CPU
		Release|Any CPU = Release|Any CPU
	EndGlobalSection
	GlobalSection(ProjectConfigurationPlatforms) = postSolution
		{D9B53BEA-1D48-4318-A0F6-7F26B27FEED6}.Debug|Any CPU.ActiveCfg = Debug|Any CPU
		{D9B53BEA-1D48-4318-A0F6-7F26B27FEED6}.Debug|Any CPU.Build.0 = Debug|Any CPU
		{D9B53BEA-1D48-4318-A0F6-7F26B27FEED6}.Release|Any CPU.ActiveCfg = Release|Any CPU
		{D9B53BEA-1D48-4318-A0F6-7F26B27FEED6}.Release|Any CPU.Build.0 = Release|Any CPU
		{47BDF06B-76C5-41CC-BFF6-9D4596FE7E9D}.Debug|Any CPU.ActiveCfg = Debug|Any CPU
		{47BDF06B-76C5-41CC-BFF6-9D4596FE7E9D}.Debug|Any CPU.Build.0 = Debug|Any CPU
		{47BDF06B-76C5-41CC-BFF6-9D4596FE7E9D}.Release|Any CPU.ActiveCfg = Release|Any CPU
		{47BDF06B-76C5-41CC-BFF6-9D4596FE7E9D}.Release|Any CPU.Build.0 = Release|Any CPU
		{F3621617-87F7-4A11-B346-3EB745DC3CC0}.Debug|Any CPU.ActiveCfg = Debug|Any CPU
		{F3621617-87F7-4A11-B346-3EB745DC3CC0}.Debug|Any CPU.Build.0 = Debug|Any CPU
		{F3621617-87F7-4A11-B346-3EB745DC3CC0}.Release|Any CPU.ActiveCfg = Release|Any CPU
		{F3621617-87F7-4A11-B346-3EB745DC3CC0}.Release|Any CPU.Build.0 = Release|Any CPU
	EndGlobalSection
	GlobalSection(SolutionProperties) = preSolution
		HideSolutionNode = FALSE
	EndGlobalSection
	GlobalSection(ExtensibilityGlobals) = postSolution
		SolutionGuid = {1286CBC0-2A78-4220-AAD8-32221C88B565}
	EndGlobalSection
EndGlobal
